// !$*UTF8*$!
{
	archiveVersion = 1;
	classes = {
	};
	objectVersion = 55;
	objects = {

/* Begin PBXBuildFile section */
		9A2DB1F82818E786000C539A /* AppDelegate.swift in Sources */ = {isa = PBXBuildFile; fileRef = 9A2DB1F72818E786000C539A /* AppDelegate.swift */; };
		9A2DB1FA2818E786000C539A /* SceneDelegate.swift in Sources */ = {isa = PBXBuildFile; fileRef = 9A2DB1F92818E786000C539A /* SceneDelegate.swift */; };
		9A2DB1FC2818E786000C539A /* ViewController.swift in Sources */ = {isa = PBXBuildFile; fileRef = 9A2DB1FB2818E786000C539A /* ViewController.swift */; };
		9A2DB1FF2818E786000C539A /* Main.storyboard in Resources */ = {isa = PBXBuildFile; fileRef = 9A2DB1FD2818E786000C539A /* Main.storyboard */; };
		9A2DB2012818E788000C539A /* Assets.xcassets in Resources */ = {isa = PBXBuildFile; fileRef = 9A2DB2002818E788000C539A /* Assets.xcassets */; };
		9A2DB2042818E788000C539A /* LaunchScreen.storyboard in Resources */ = {isa = PBXBuildFile; fileRef = 9A2DB2022818E788000C539A /* LaunchScreen.storyboard */; };
		9A2DB20F2818E789000C539A /* _00DaysSwiftTests.swift in Sources */ = {isa = PBXBuildFile; fileRef = 9A2DB20E2818E789000C539A /* _00DaysSwiftTests.swift */; };
		9A2DB2192818E789000C539A /* _00DaysSwiftUITests.swift in Sources */ = {isa = PBXBuildFile; fileRef = 9A2DB2182818E789000C539A /* _00DaysSwiftUITests.swift */; };
		9A2DB21B2818E789000C539A /* _00DaysSwiftUITestsLaunchTests.swift in Sources */ = {isa = PBXBuildFile; fileRef = 9A2DB21A2818E789000C539A /* _00DaysSwiftUITestsLaunchTests.swift */; };
/* End PBXBuildFile section */

/* Begin PBXContainerItemProxy section */
		9A2DB20B2818E789000C539A /* PBXContainerItemProxy */ = {
			isa = PBXContainerItemProxy;
			containerPortal = 9A2DB1EC2818E786000C539A /* Project object */;
			proxyType = 1;
			remoteGlobalIDString = 9A2DB1F32818E786000C539A;
			remoteInfo = 100DaysSwift;
		};
		9A2DB2152818E789000C539A /* PBXContainerItemProxy */ = {
			isa = PBXContainerItemProxy;
			containerPortal = 9A2DB1EC2818E786000C539A /* Project object */;
			proxyType = 1;
			remoteGlobalIDString = 9A2DB1F32818E786000C539A;
			remoteInfo = 100DaysSwift;
		};
/* End PBXContainerItemProxy section */

/* Begin PBXFileReference section */
		9A2DB1F42818E786000C539A /* 100DaysSwift.app */ = {isa = PBXFileReference; explicitFileType = wrapper.application; includeInIndex = 0; path = 100DaysSwift.app; sourceTree = BUILT_PRODUCTS_DIR; };
		9A2DB1F72818E786000C539A /* AppDelegate.swift */ = {isa = PBXFileReference; lastKnownFileType = sourcecode.swift; path = AppDelegate.swift; sourceTree = "<group>"; };
		9A2DB1F92818E786000C539A /* SceneDelegate.swift */ = {isa = PBXFileReference; lastKnownFileType = sourcecode.swift; path = SceneDelegate.swift; sourceTree = "<group>"; };
		9A2DB1FB2818E786000C539A /* ViewController.swift */ = {isa = PBXFileReference; lastKnownFileType = sourcecode.swift; path = ViewController.swift; sourceTree = "<group>"; };
		9A2DB1FE2818E786000C539A /* Base */ = {isa = PBXFileReference; lastKnownFileType = file.storyboard; name = Base; path = Base.lproj/Main.storyboard; sourceTree = "<group>"; };
		9A2DB2002818E788000C539A /* Assets.xcassets */ = {isa = PBXFileReference; lastKnownFileType = folder.assetcatalog; path = Assets.xcassets; sourceTree = "<group>"; };
		9A2DB2032818E788000C539A /* Base */ = {isa = PBXFileReference; lastKnownFileType = file.storyboard; name = Base; path = Base.lproj/LaunchScreen.storyboard; sourceTree = "<group>"; };
		9A2DB2052818E788000C539A /* Info.plist */ = {isa = PBXFileReference; lastKnownFileType = text.plist.xml; path = Info.plist; sourceTree = "<group>"; };
		9A2DB20A2818E789000C539A /* 100DaysSwiftTests.xctest */ = {isa = PBXFileReference; explicitFileType = wrapper.cfbundle; includeInIndex = 0; path = 100DaysSwiftTests.xctest; sourceTree = BUILT_PRODUCTS_DIR; };
		9A2DB20E2818E789000C539A /* _00DaysSwiftTests.swift */ = {isa = PBXFileReference; lastKnownFileType = sourcecode.swift; path = _00DaysSwiftTests.swift; sourceTree = "<group>"; };
		9A2DB2142818E789000C539A /* 100DaysSwiftUITests.xctest */ = {isa = PBXFileReference; explicitFileType = wrapper.cfbundle; includeInIndex = 0; path = 100DaysSwiftUITests.xctest; sourceTree = BUILT_PRODUCTS_DIR; };
		9A2DB2182818E789000C539A /* _00DaysSwiftUITests.swift */ = {isa = PBXFileReference; lastKnownFileType = sourcecode.swift; path = _00DaysSwiftUITests.swift; sourceTree = "<group>"; };
		9A2DB21A2818E789000C539A /* _00DaysSwiftUITestsLaunchTests.swift */ = {isa = PBXFileReference; lastKnownFileType = sourcecode.swift; path = _00DaysSwiftUITestsLaunchTests.swift; sourceTree = "<group>"; };
/* End PBXFileReference section */

/* Begin PBXFrameworksBuildPhase section */
		9A2DB1F12818E786000C539A /* Frameworks */ = {
			isa = PBXFrameworksBuildPhase;
			buildActionMask = 2147483647;
			files = (
			);
			runOnlyForDeploymentPostprocessing = 0;
		};
		9A2DB2072818E789000C539A /* Frameworks */ = {
			isa = PBXFrameworksBuildPhase;
			buildActionMask = 2147483647;
			files = (
			);
			runOnlyForDeploymentPostprocessing = 0;
		};
		9A2DB2112818E789000C539A /* Frameworks */ = {
			isa = PBXFrameworksBuildPhase;
			buildActionMask = 2147483647;
			files = (
			);
			runOnlyForDeploymentPostprocessing = 0;
		};
/* End PBXFrameworksBuildPhase section */

/* Begin PBXGroup section */
		9A2DB1EB2818E786000C539A = {
			isa = PBXGroup;
			children = (
				9A2DB1F62818E786000C539A /* 100DaysSwift */,
				9A2DB20D2818E789000C539A /* 100DaysSwiftTests */,
				9A2DB2172818E789000C539A /* 100DaysSwiftUITests */,
				9A2DB1F52818E786000C539A /* Products */,
			);
			sourceTree = "<group>";
		};
		9A2DB1F52818E786000C539A /* Products */ = {
			isa = PBXGroup;
			children = (
				9A2DB1F42818E786000C539A /* 100DaysSwift.app */,
				9A2DB20A2818E789000C539A /* 100DaysSwiftTests.xctest */,
				9A2DB2142818E789000C539A /* 100DaysSwiftUITests.xctest */,
			);
			name = Products;
			sourceTree = "<group>";
		};
		9A2DB1F62818E786000C539A /* 100DaysSwift */ = {
			isa = PBXGroup;
			children = (
				9A2DB1F72818E786000C539A /* AppDelegate.swift */,
				9A2DB1F92818E786000C539A /* SceneDelegate.swift */,
				9A2DB1FB2818E786000C539A /* ViewController.swift */,
				9A2DB1FD2818E786000C539A /* Main.storyboard */,
				9A2DB2002818E788000C539A /* Assets.xcassets */,
				9A2DB2022818E788000C539A /* LaunchScreen.storyboard */,
				9A2DB2052818E788000C539A /* Info.plist */,
			);
			path = 100DaysSwift;
			sourceTree = "<group>";
		};
		9A2DB20D2818E789000C539A /* 100DaysSwiftTests */ = {
			isa = PBXGroup;
			children = (
				9A2DB20E2818E789000C539A /* _00DaysSwiftTests.swift */,
			);
			path = 100DaysSwiftTests;
			sourceTree = "<group>";
		};
		9A2DB2172818E789000C539A /* 100DaysSwiftUITests */ = {
			isa = PBXGroup;
			children = (
				9A2DB2182818E789000C539A /* _00DaysSwiftUITests.swift */,
				9A2DB21A2818E789000C539A /* _00DaysSwiftUITestsLaunchTests.swift */,
			);
			path = 100DaysSwiftUITests;
			sourceTree = "<group>";
		};
/* End PBXGroup section */

/* Begin PBXNativeTarget section */
		9A2DB1F32818E786000C539A /* 100DaysSwift */ = {
			isa = PBXNativeTarget;
			buildConfigurationList = 9A2DB21E2818E789000C539A /* Build configuration list for PBXNativeTarget "100DaysSwift" */;
			buildPhases = (
				9A2DB1F02818E786000C539A /* Sources */,
				9A2DB1F12818E786000C539A /* Frameworks */,
				9A2DB1F22818E786000C539A /* Resources */,
			);
			buildRules = (
			);
			dependencies = (
			);
			name = 100DaysSwift;
			productName = 100DaysSwift;
			productReference = 9A2DB1F42818E786000C539A /* 100DaysSwift.app */;
			productType = "com.apple.product-type.application";
		};
		9A2DB2092818E789000C539A /* 100DaysSwiftTests */ = {
			isa = PBXNativeTarget;
			buildConfigurationList = 9A2DB2212818E789000C539A /* Build configuration list for PBXNativeTarget "100DaysSwiftTests" */;
			buildPhases = (
				9A2DB2062818E789000C539A /* Sources */,
				9A2DB2072818E789000C539A /* Frameworks */,
				9A2DB2082818E789000C539A /* Resources */,
			);
			buildRules = (
			);
			dependencies = (
				9A2DB20C2818E789000C539A /* PBXTargetDependency */,
			);
			name = 100DaysSwiftTests;
			productName = 100DaysSwiftTests;
			productReference = 9A2DB20A2818E789000C539A /* 100DaysSwiftTests.xctest */;
			productType = "com.apple.product-type.bundle.unit-test";
		};
		9A2DB2132818E789000C539A /* 100DaysSwiftUITests */ = {
			isa = PBXNativeTarget;
			buildConfigurationList = 9A2DB2242818E789000C539A /* Build configuration list for PBXNativeTarget "100DaysSwiftUITests" */;
			buildPhases = (
				9A2DB2102818E789000C539A /* Sources */,
				9A2DB2112818E789000C539A /* Frameworks */,
				9A2DB2122818E789000C539A /* Resources */,
			);
			buildRules = (
			);
			dependencies = (
				9A2DB2162818E789000C539A /* PBXTargetDependency */,
			);
			name = 100DaysSwiftUITests;
			productName = 100DaysSwiftUITests;
			productReference = 9A2DB2142818E789000C539A /* 100DaysSwiftUITests.xctest */;
			productType = "com.apple.product-type.bundle.ui-testing";
		};
/* End PBXNativeTarget section */

/* Begin PBXProject section */
		9A2DB1EC2818E786000C539A /* Project object */ = {
			isa = PBXProject;
			attributes = {
				BuildIndependentTargetsInParallel = 1;
				LastSwiftUpdateCheck = 1330;
				LastUpgradeCheck = 1330;
				TargetAttributes = {
					9A2DB1F32818E786000C539A = {
						CreatedOnToolsVersion = 13.3.1;
					};
					9A2DB2092818E789000C539A = {
						CreatedOnToolsVersion = 13.3.1;
						TestTargetID = 9A2DB1F32818E786000C539A;
					};
					9A2DB2132818E789000C539A = {
						CreatedOnToolsVersion = 13.3.1;
						TestTargetID = 9A2DB1F32818E786000C539A;
					};
				};
			};
			buildConfigurationList = 9A2DB1EF2818E786000C539A /* Build configuration list for PBXProject "100DaysSwift" */;
			compatibilityVersion = "Xcode 13.0";
			developmentRegion = en;
			hasScannedForEncodings = 0;
			knownRegions = (
				en,
				Base,
			);
			mainGroup = 9A2DB1EB2818E786000C539A;
			productRefGroup = 9A2DB1F52818E786000C539A /* Products */;
			projectDirPath = "";
			projectRoot = "";
			targets = (
				9A2DB1F32818E786000C539A /* 100DaysSwift */,
				9A2DB2092818E789000C539A /* 100DaysSwiftTests */,
				9A2DB2132818E789000C539A /* 100DaysSwiftUITests */,
			);
		};
/* End PBXProject section */

/* Begin PBXResourcesBuildPhase section */
		9A2DB1F22818E786000C539A /* Resources */ = {
			isa = PBXResourcesBuildPhase;
			buildActionMask = 2147483647;
			files = (
				9A2DB2042818E788000C539A /* LaunchScreen.storyboard in Resources */,
				9A2DB2012818E788000C539A /* Assets.xcassets in Resources */,
				9A2DB1FF2818E786000C539A /* Main.storyboard in Resources */,
			);
			runOnlyForDeploymentPostprocessing = 0;
		};
		9A2DB2082818E789000C539A /* Resources */ = {
			isa = PBXResourcesBuildPhase;
			buildActionMask = 2147483647;
			files = (
			);
			runOnlyForDeploymentPostprocessing = 0;
		};
		9A2DB2122818E789000C539A /* Resources */ = {
			isa = PBXResourcesBuildPhase;
			buildActionMask = 2147483647;
			files = (
			);
			runOnlyForDeploymentPostprocessing = 0;
		};
/* End PBXResourcesBuildPhase section */

/* Begin PBXSourcesBuildPhase section */
		9A2DB1F02818E786000C539A /* Sources */ = {
			isa = PBXSourcesBuildPhase;
			buildActionMask = 2147483647;
			files = (
				9A2DB1FC2818E786000C539A /* ViewController.swift in Sources */,
				9A2DB1F82818E786000C539A /* AppDelegate.swift in Sources */,
				9A2DB1FA2818E786000C539A /* SceneDelegate.swift in Sources */,
			);
			runOnlyForDeploymentPostprocessing = 0;
		};
		9A2DB2062818E789000C539A /* Sources */ = {
			isa = PBXSourcesBuildPhase;
			buildActionMask = 2147483647;
			files = (
				9A2DB20F2818E789000C539A /* _00DaysSwiftTests.swift in Sources */,
			);
			runOnlyForDeploymentPostprocessing = 0;
		};
		9A2DB2102818E789000C539A /* Sources */ = {
			isa = PBXSourcesBuildPhase;
			buildActionMask = 2147483647;
			files = (
				9A2DB2192818E789000C539A /* _00DaysSwiftUITests.swift in Sources */,
				9A2DB21B2818E789000C539A /* _00DaysSwiftUITestsLaunchTests.swift in Sources */,
			);
			runOnlyForDeploymentPostprocessing = 0;
		};
/* End PBXSourcesBuildPhase section */

/* Begin PBXTargetDependency section */
		9A2DB20C2818E789000C539A /* PBXTargetDependency */ = {
			isa = PBXTargetDependency;
			target = 9A2DB1F32818E786000C539A /* 100DaysSwift */;
			targetProxy = 9A2DB20B2818E789000C539A /* PBXContainerItemProxy */;
		};
		9A2DB2162818E789000C539A /* PBXTargetDependency */ = {
			isa = PBXTargetDependency;
			target = 9A2DB1F32818E786000C539A /* 100DaysSwift */;
			targetProxy = 9A2DB2152818E789000C539A /* PBXContainerItemProxy */;
		};
/* End PBXTargetDependency section */

/* Begin PBXVariantGroup section */
		9A2DB1FD2818E786000C539A /* Main.storyboard */ = {
			isa = PBXVariantGroup;
			children = (
				9A2DB1FE2818E786000C539A /* Base */,
			);
			name = Main.storyboard;
			sourceTree = "<group>";
		};
		9A2DB2022818E788000C539A /* LaunchScreen.storyboard */ = {
			isa = PBXVariantGroup;
			children = (
				9A2DB2032818E788000C539A /* Base */,
			);
			name = LaunchScreen.storyboard;
			sourceTree = "<group>";
		};
/* End PBXVariantGroup section */

/* Begin XCBuildConfiguration section */
		9A2DB21C2818E789000C539A /* Debug */ = {
			isa = XCBuildConfiguration;
			buildSettings = {
				ALWAYS_SEARCH_USER_PATHS = NO;
				CLANG_ANALYZER_NONNULL = YES;
				CLANG_ANALYZER_NUMBER_OBJECT_CONVERSION = YES_AGGRESSIVE;
				CLANG_CXX_LANGUAGE_STANDARD = "gnu++17";
				CLANG_ENABLE_MODULES = YES;
				CLANG_ENABLE_OBJC_ARC = YES;
				CLANG_ENABLE_OBJC_WEAK = YES;
				CLANG_WARN_BLOCK_CAPTURE_AUTORELEASING = YES;
				CLANG_WARN_BOOL_CONVERSION = YES;
				CLANG_WARN_COMMA = YES;
				CLANG_WARN_CONSTANT_CONVERSION = YES;
				CLANG_WARN_DEPRECATED_OBJC_IMPLEMENTATIONS = YES;
				CLANG_WARN_DIRECT_OBJC_ISA_USAGE = YES_ERROR;
				CLANG_WARN_DOCUMENTATION_COMMENTS = YES;
				CLANG_WARN_EMPTY_BODY = YES;
				CLANG_WARN_ENUM_CONVERSION = YES;
				CLANG_WARN_INFINITE_RECURSION = YES;
				CLANG_WARN_INT_CONVERSION = YES;
				CLANG_WARN_NON_LITERAL_NULL_CONVERSION = YES;
				CLANG_WARN_OBJC_IMPLICIT_RETAIN_SELF = YES;
				CLANG_WARN_OBJC_LITERAL_CONVERSION = YES;
				CLANG_WARN_OBJC_ROOT_CLASS = YES_ERROR;
				CLANG_WARN_QUOTED_INCLUDE_IN_FRAMEWORK_HEADER = YES;
				CLANG_WARN_RANGE_LOOP_ANALYSIS = YES;
				CLANG_WARN_STRICT_PROTOTYPES = YES;
				CLANG_WARN_SUSPICIOUS_MOVE = YES;
				CLANG_WARN_UNGUARDED_AVAILABILITY = YES_AGGRESSIVE;
				CLANG_WARN_UNREACHABLE_CODE = YES;
				CLANG_WARN__DUPLICATE_METHOD_MATCH = YES;
				COPY_PHASE_STRIP = NO;
				DEBUG_INFORMATION_FORMAT = dwarf;
				ENABLE_STRICT_OBJC_MSGSEND = YES;
				ENABLE_TESTABILITY = YES;
				GCC_C_LANGUAGE_STANDARD = gnu11;
				GCC_DYNAMIC_NO_PIC = NO;
				GCC_NO_COMMON_BLOCKS = YES;
				GCC_OPTIMIZATION_LEVEL = 0;
				GCC_PREPROCESSOR_DEFINITIONS = (
					"DEBUG=1",
					"$(inherited)",
				);
				GCC_WARN_64_TO_32_BIT_CONVERSION = YES;
				GCC_WARN_ABOUT_RETURN_TYPE = YES_ERROR;
				GCC_WARN_UNDECLARED_SELECTOR = YES;
				GCC_WARN_UNINITIALIZED_AUTOS = YES_AGGRESSIVE;
				GCC_WARN_UNUSED_FUNCTION = YES;
				GCC_WARN_UNUSED_VARIABLE = YES;
				IPHONEOS_DEPLOYMENT_TARGET = 15.4;
				MTL_ENABLE_DEBUG_INFO = INCLUDE_SOURCE;
				MTL_FAST_MATH = YES;
				ONLY_ACTIVE_ARCH = YES;
				SDKROOT = iphoneos;
				SWIFT_ACTIVE_COMPILATION_CONDITIONS = DEBUG;
				SWIFT_OPTIMIZATION_LEVEL = "-Onone";
			};
			name = Debug;
		};
		9A2DB21D2818E789000C539A /* Release */ = {
			isa = XCBuildConfiguration;
			buildSettings = {
				ALWAYS_SEARCH_USER_PATHS = NO;
				CLANG_ANALYZER_NONNULL = YES;
				CLANG_ANALYZER_NUMBER_OBJECT_CONVERSION = YES_AGGRESSIVE;
				CLANG_CXX_LANGUAGE_STANDARD = "gnu++17";
				CLANG_ENABLE_MODULES = YES;
				CLANG_ENABLE_OBJC_ARC = YES;
				CLANG_ENABLE_OBJC_WEAK = YES;
				CLANG_WARN_BLOCK_CAPTURE_AUTORELEASING = YES;
				CLANG_WARN_BOOL_CONVERSION = YES;
				CLANG_WARN_COMMA = YES;
				CLANG_WARN_CONSTANT_CONVERSION = YES;
				CLANG_WARN_DEPRECATED_OBJC_IMPLEMENTATIONS = YES;
				CLANG_WARN_DIRECT_OBJC_ISA_USAGE = YES_ERROR;
				CLANG_WARN_DOCUMENTATION_COMMENTS = YES;
				CLANG_WARN_EMPTY_BODY = YES;
				CLANG_WARN_ENUM_CONVERSION = YES;
				CLANG_WARN_INFINITE_RECURSION = YES;
				CLANG_WARN_INT_CONVERSION = YES;
				CLANG_WARN_NON_LITERAL_NULL_CONVERSION = YES;
				CLANG_WARN_OBJC_IMPLICIT_RETAIN_SELF = YES;
				CLANG_WARN_OBJC_LITERAL_CONVERSION = YES;
				CLANG_WARN_OBJC_ROOT_CLASS = YES_ERROR;
				CLANG_WARN_QUOTED_INCLUDE_IN_FRAMEWORK_HEADER = YES;
				CLANG_WARN_RANGE_LOOP_ANALYSIS = YES;
				CLANG_WARN_STRICT_PROTOTYPES = YES;
				CLANG_WARN_SUSPICIOUS_MOVE = YES;
				CLANG_WARN_UNGUARDED_AVAILABILITY = YES_AGGRESSIVE;
				CLANG_WARN_UNREACHABLE_CODE = YES;
				CLANG_WARN__DUPLICATE_METHOD_MATCH = YES;
				COPY_PHASE_STRIP = NO;
				DEBUG_INFORMATION_FORMAT = "dwarf-with-dsym";
				ENABLE_NS_ASSERTIONS = NO;
				ENABLE_STRICT_OBJC_MSGSEND = YES;
				GCC_C_LANGUAGE_STANDARD = gnu11;
				GCC_NO_COMMON_BLOCKS = YES;
				GCC_WARN_64_TO_32_BIT_CONVERSION = YES;
				GCC_WARN_ABOUT_RETURN_TYPE = YES_ERROR;
				GCC_WARN_UNDECLARED_SELECTOR = YES;
				GCC_WARN_UNINITIALIZED_AUTOS = YES_AGGRESSIVE;
				GCC_WARN_UNUSED_FUNCTION = YES;
				GCC_WARN_UNUSED_VARIABLE = YES;
				IPHONEOS_DEPLOYMENT_TARGET = 15.4;
				MTL_ENABLE_DEBUG_INFO = NO;
				MTL_FAST_MATH = YES;
				SDKROOT = iphoneos;
				SWIFT_COMPILATION_MODE = wholemodule;
				SWIFT_OPTIMIZATION_LEVEL = "-O";
				VALIDATE_PRODUCT = YES;
			};
			name = Release;
		};
		9A2DB21F2818E789000C539A /* Debug */ = {
			isa = XCBuildConfiguration;
			buildSettings = {
				ASSETCATALOG_COMPILER_APPICON_NAME = AppIcon;
				ASSETCATALOG_COMPILER_GLOBAL_ACCENT_COLOR_NAME = AccentColor;
				CODE_SIGN_STYLE = Automatic;
				CURRENT_PROJECT_VERSION = 1;
				DEVELOPMENT_TEAM = V29G6KEVJT;
				GENERATE_INFOPLIST_FILE = YES;
				INFOPLIST_FILE = 100DaysSwift/Info.plist;
				INFOPLIST_KEY_UIApplicationSupportsIndirectInputEvents = YES;
				INFOPLIST_KEY_UILaunchStoryboardName = LaunchScreen;
				INFOPLIST_KEY_UIMainStoryboardFile = Main;
				INFOPLIST_KEY_UISupportedInterfaceOrientations_iPad = "UIInterfaceOrientationPortrait UIInterfaceOrientationPortraitUpsideDown UIInterfaceOrientationLandscapeLeft UIInterfaceOrientationLandscapeRight";
				INFOPLIST_KEY_UISupportedInterfaceOrientations_iPhone = "UIInterfaceOrientationPortrait UIInterfaceOrientationLandscapeLeft UIInterfaceOrientationLandscapeRight";
				LD_RUNPATH_SEARCH_PATHS = (
					"$(inherited)",
					"@executable_path/Frameworks",
				);
				MARKETING_VERSION = 1.0;
				PRODUCT_BUNDLE_IDENTIFIER = "com.news.ashimdahal.-00DaysSwift";
				PRODUCT_NAME = "$(TARGET_NAME)";
				SWIFT_EMIT_LOC_STRINGS = YES;
				SWIFT_VERSION = 5.0;
				TARGETED_DEVICE_FAMILY = "1,2";
			};
			name = Debug;
		};
		9A2DB2202818E789000C539A /* Release */ = {
			isa = XCBuildConfiguration;
			buildSettings = {
				ASSETCATALOG_COMPILER_APPICON_NAME = AppIcon;
				ASSETCATALOG_COMPILER_GLOBAL_ACCENT_COLOR_NAME = AccentColor;
				CODE_SIGN_STYLE = Automatic;
				CURRENT_PROJECT_VERSION = 1;
				DEVELOPMENT_TEAM = V29G6KEVJT;
				GENERATE_INFOPLIST_FILE = YES;
				INFOPLIST_FILE = 100DaysSwift/Info.plist;
				INFOPLIST_KEY_UIApplicationSupportsIndirectInputEvents = YES;
				INFOPLIST_KEY_UILaunchStoryboardName = LaunchScreen;
				INFOPLIST_KEY_UIMainStoryboardFile = Main;
				INFOPLIST_KEY_UISupportedInterfaceOrientations_iPad = "UIInterfaceOrientationPortrait UIInterfaceOrientationPortraitUpsideDown UIInterfaceOrientationLandscapeLeft UIInterfaceOrientationLandscapeRight";
				INFOPLIST_KEY_UISupportedInterfaceOrientations_iPhone = "UIInterfaceOrientationPortrait UIInterfaceOrientationLandscapeLeft UIInterfaceOrientationLandscapeRight";
				LD_RUNPATH_SEARCH_PATHS = (
					"$(inherited)",
					"@executable_path/Frameworks",
				);
				MARKETING_VERSION = 1.0;
				PRODUCT_BUNDLE_IDENTIFIER = "com.news.ashimdahal.-00DaysSwift";
				PRODUCT_NAME = "$(TARGET_NAME)";
				SWIFT_EMIT_LOC_STRINGS = YES;
				SWIFT_VERSION = 5.0;
				TARGETED_DEVICE_FAMILY = "1,2";
			};
			name = Release;
		};
		9A2DB2222818E789000C539A /* Debug */ = {
			isa = XCBuildConfiguration;
			buildSettings = {
				ALWAYS_EMBED_SWIFT_STANDARD_LIBRARIES = YES;
				BUNDLE_LOADER = "$(TEST_HOST)";
				CODE_SIGN_STYLE = Automatic;
				CURRENT_PROJECT_VERSION = 1;
				DEVELOPMENT_TEAM = V29G6KEVJT;
				GENERATE_INFOPLIST_FILE = YES;
				IPHONEOS_DEPLOYMENT_TARGET = 15.4;
				MARKETING_VERSION = 1.0;
				PRODUCT_BUNDLE_IDENTIFIER = "com.news.ashimdahal.-00DaysSwiftTests";
				PRODUCT_NAME = "$(TARGET_NAME)";
				SWIFT_EMIT_LOC_STRINGS = NO;
				SWIFT_VERSION = 5.0;
				TARGETED_DEVICE_FAMILY = "1,2";
				TEST_HOST = "$(BUILT_PRODUCTS_DIR)/100DaysSwift.app/100DaysSwift";
			};
			name = Debug;
		};
		9A2DB2232818E789000C539A /* Release */ = {
			isa = XCBuildConfiguration;
			buildSettings = {
				ALWAYS_EMBED_SWIFT_STANDARD_LIBRARIES = YES;
				BUNDLE_LOADER = "$(TEST_HOST)";
				CODE_SIGN_STYLE = Automatic;
				CURRENT_PROJECT_VERSION = 1;
				DEVELOPMENT_TEAM = V29G6KEVJT;
				GENERATE_INFOPLIST_FILE = YES;
				IPHONEOS_DEPLOYMENT_TARGET = 15.4;
				MARKETING_VERSION = 1.0;
				PRODUCT_BUNDLE_IDENTIFIER = "com.news.ashimdahal.-00DaysSwiftTests";
				PRODUCT_NAME = "$(TARGET_NAME)";
				SWIFT_EMIT_LOC_STRINGS = NO;
				SWIFT_VERSION = 5.0;
				TARGETED_DEVICE_FAMILY = "1,2";
				TEST_HOST = "$(BUILT_PRODUCTS_DIR)/100DaysSwift.app/100DaysSwift";
			};
			name = Release;
		};
		9A2DB2252818E789000C539A /* Debug */ = {
			isa = XCBuildConfiguration;
			buildSettings = {
				ALWAYS_EMBED_SWIFT_STANDARD_LIBRARIES = YES;
				CODE_SIGN_STYLE = Automatic;
				CURRENT_PROJECT_VERSION = 1;
				DEVELOPMENT_TEAM = V29G6KEVJT;
				GENERATE_INFOPLIST_FILE = YES;
				MARKETING_VERSION = 1.0;
				PRODUCT_BUNDLE_IDENTIFIER = "com.news.ashimdahal.-00DaysSwiftUITests";
				PRODUCT_NAME = "$(TARGET_NAME)";
				SWIFT_EMIT_LOC_STRINGS = NO;
				SWIFT_VERSION = 5.0;
				TARGETED_DEVICE_FAMILY = "1,2";
				TEST_TARGET_NAME = 100DaysSwift;
			};
			name = Debug;
		};
		9A2DB2262818E789000C539A /* Release */ = {
			isa = XCBuildConfiguration;
			buildSettings = {
				ALWAYS_EMBED_SWIFT_STANDARD_LIBRARIES = YES;
				CODE_SIGN_STYLE = Automatic;
				CURRENT_PROJECT_VERSION = 1;
				DEVELOPMENT_TEAM = V29G6KEVJT;
				GENERATE_INFOPLIST_FILE = YES;
				MARKETING_VERSION = 1.0;
				PRODUCT_BUNDLE_IDENTIFIER = "com.news.ashimdahal.-00DaysSwiftUITests";
				PRODUCT_NAME = "$(TARGET_NAME)";
				SWIFT_EMIT_LOC_STRINGS = NO;
				SWIFT_VERSION = 5.0;
				TARGETED_DEVICE_FAMILY = "1,2";
				TEST_TARGET_NAME = 100DaysSwift;
			};
			name = Release;
		};
/* End XCBuildConfiguration section */

/* Begin XCConfigurationList section */
		9A2DB1EF2818E786000C539A /* Build configuration list for PBXProject "100DaysSwift" */ = {
			isa = XCConfigurationList;
			buildConfigurations = (
				9A2DB21C2818E789000C539A /* Debug */,
				9A2DB21D2818E789000C539A /* Release */,
			);
			defaultConfigurationIsVisible = 0;
			defaultConfigurationName = Release;
		};
		9A2DB21E2818E789000C539A /* Build configuration list for PBXNativeTarget "100DaysSwift" */ = {
			isa = XCConfigurationList;
			buildConfigurations = (
				9A2DB21F2818E789000C539A /* Debug */,
				9A2DB2202818E789000C539A /* Release */,
			);
			defaultConfigurationIsVisible = 0;
			defaultConfigurationName = Release;
		};
		9A2DB2212818E789000C539A /* Build configuration list for PBXNativeTarget "100DaysSwiftTests" */ = {
			isa = XCConfigurationList;
			buildConfigurations = (
				9A2DB2222818E789000C539A /* Debug */,
				9A2DB2232818E789000C539A /* Release */,
			);
			defaultConfigurationIsVisible = 0;
			defaultConfigurationName = Release;
		};
		9A2DB2242818E789000C539A /* Build configuration list for PBXNativeTarget "100DaysSwiftUITests" */ = {
			isa = XCConfigurationList;
			buildConfigurations = (
				9A2DB2252818E789000C539A /* Debug */,
				9A2DB2262818E789000C539A /* Release */,
			);
			defaultConfigurationIsVisible = 0;
			defaultConfigurationName = Release;
		};
/* End XCConfigurationList section */
	};
	rootObject = 9A2DB1EC2818E786000C539A /* Project object */;
}
